# @generated - this file is auto-generated by `mise lock` https://mise.jdx.dev/dev-tools/mise-lock.html

lockfile_version = 3

[[tools.cross]]
version = "rev:74e99b2223de06166f8cdcc1af7f1308ec52baf4"
backend = "cargo:https://github.com/cross-rs/cross"
specifiers = ["rev:74e99b2223de06166f8cdcc1af7f1308ec52baf4"]

[tools.cross.options]
crate = "cross"

[[tools.mold]]
version = "3.0.0"
backend = "github:rui314/mold"
specifiers = ["3.0.0"]

[tools.mold."platforms.linux-arm64"]
checksum = "sha256:52c759d3689babaea4c42af2f31062a74ab83e17ffb5a8090232534c67b70577"
url = "https://github.com/rui314/mold/releases/download/v3.0.0/mold-3.0.0-aarch64-linux.tar.gz"
url_api = "https://api.github.com/repos/rui314/mold/releases/assets/612121952"

[tools.mold."platforms.linux-x64"]
checksum = "sha256:6c90d4a474c7c0409dfb575be03a5345878ac14fdba18de8b40fa58c60121189"
url = "https://github.com/rui314/mold/releases/download/v3.0.0/mold-3.0.0-x86_64-linux.tar.gz"
url_api = "https://api.github.com/repos/rui314/mold/releases/assets/612122001"

[[tools.nextest]]
version = "0.9.146"
backend = "github:nextest-rs/nextest"
specifiers = ["0.9.146"]

[tools.nextest.options]
matching_regex = '^cargo-nextest-.*unknown-linux-gnu\.tar\.gz$'
version_prefix = "cargo-nextest-"

[tools.nextest."platforms.linux-arm64"]
checksum = "sha256:b2e33d7c72de7ade0ff7b3a948ac37516b24f8a836b7a8870c1f634a94be9de9"
url = "https://github.com/nextest-rs/nextest/releases/download/cargo-nextest-0.9.146/cargo-nextest-0.9.146-aarch64-unknown-linux-gnu.tar.gz"
url_api = "https://api.github.com/repos/nextest-rs/nextest/releases/assets/579608024"
provenance = "github-attestations"

[tools.nextest."platforms.linux-x64"]
checksum = "sha256:682c21b777c333e96fd532e114d3a5a894e0729ab88d94c0a9f20f8419695428"
url = "https://github.com/nextest-rs/nextest/releases/download/cargo-nextest-0.9.146/cargo-nextest-0.9.146-x86_64-unknown-linux-gnu.tar.gz"
url_api = "https://api.github.com/repos/nextest-rs/nextest/releases/assets/579609342"
provenance = "github-attestations"

[[tools.rust]]
version = "1.99.0"
backend = "core:rust"
specifiers = ["1.99.0"]

[tools.rust.options]
components = "clippy,rustfmt"
profile = "minimal"

[[tools.sccache]]
version = "0.18.0"
backend = "github:mozilla/sccache"
specifiers = ["0.18.0"]

[tools.sccache.options]
matching_regex = '^sccache-v.*unknown-linux-musl\.tar\.gz$'

[tools.sccache."platforms.linux-arm64"]
checksum = "sha256:2b3284d5da3b46a47dc4229e75bb7b88ac4aa99c8d754fb7d2f84997e5a4354a"
url = "https://github.com/mozilla/sccache/releases/download/v0.18.0/sccache-v0.18.0-aarch64-unknown-linux-musl.tar.gz"
url_api = "https://api.github.com/repos/mozilla/sccache/releases/assets/563129830"

[tools.sccache."platforms.linux-x64"]
checksum = "sha256:45f1447fbe231e3037bde351ef70677dd212216c8d62ae7ca409fecc4d6acc89"
url = "https://github.com/mozilla/sccache/releases/download/v0.18.0/sccache-v0.18.0-x86_64-unknown-linux-musl.tar.gz"
url_api = "https://api.github.com/repos/mozilla/sccache/releases/assets/563130201"
